
Microsoft Visual Studio Solution File, Format Version 12.00
# Visual Studio Version 16
VisualStudioVersion = 16.0.30503.244
MinimumVisualStudioVersion = 10.0.40219.1
Project("{FAE04EC0-301F-11D3-BF4B-00C04F79EFBC}") = "PM03", "PM03\PM03.csproj", "{67413400-1B35-419B-AE0D-27EBB6107829}"
EndProject
Global
	GlobalSection(SolutionConfigurationPlatforms) = preSolution
		Debug|Any CPU = Debug|Any CPU
		Release|Any CPU = Release|Any CPU
	EndGlobalSection
	GlobalSection(ProjectConfigurationPlatforms) = postSolution
		{67413400-1B35-419B-AE0D-27EBB6107829}.Debug|Any CPU.ActiveCfg = Debug|Any CPU
		{67413400-1B35-419B-AE0D-27EBB6107829}.Debug|Any CPU.Build.0 = Debug|Any CPU
		{67413400-1B35-419B-AE0D-27EBB6107829}.Release|Any CPU.ActiveCfg = Release|Any CPU
		{67413400-1B35-419B-AE0D-27EBB6107829}.Release|Any CPU.Build.0 = Release|Any CPU
	EndGlobalSection
	GlobalSection(SolutionProperties) = preSolution
		HideSolutionNode = FALSE
	EndGlobalSection
	GlobalSection(ExtensibilityGlobals) = postSolution
		SolutionGuid = {20EC939C-C8B7-4134-AB2F-DF7878B31FA9}
	EndGlobalSection
EndGlobal
